# This file is generated by running "yarn install" inside your project.
# Manual changes might be lost - proceed with caution!

__metadata:
  version: 6

"@milliejs/monorepo@workspace:.":
  version: 0.0.0-use.local
  resolution: "@milliejs/monorepo@workspace:."
  languageName: unknown
  linkType: soft
